
Microsoft Visual Studio Solution File, Format Version 12.00
# Visual Studio 2013
VisualStudioVersion = 12.0.30501.0
MinimumVisualStudioVersion = 10.0.40219.1
Project("{FAE04EC0-301F-11D3-BF4B-00C04F79EFBC}") = "KMCCC", "KMCCC\KMCCC.csproj", "{2B35C1FD-5E62-416E-B125-7577EF8BA1FB}"
EndProject
Project("{FAE04EC0-301F-11D3-BF4B-00C04F79EFBC}") = "KMCCC.Json", "KMCCC.Json\KMCCC.Json.csproj", "{3D6550D9-47FE-4351-B8CF-293D48040F84}"
EndProject
Project("{FAE04EC0-301F-11D3-BF4B-00C04F79EFBC}") = "KMCCC.Json.Tests", "KMCCC.Json.Tests\KMCCC.Json.Tests.csproj", "{C4AE566F-CACC-4C82-9405-4E508BBFD787}"
EndProject
Project("{FAE04EC0-301F-11D3-BF4B-00C04F79EFBC}") = "KMCCC.Tests", "KMCCC.Tests\KMCCC.Tests.csproj", "{3AD6F9FA-39B0-4D86-9F87-0FE300FD6121}"
EndProject
Global
	GlobalSection(SolutionConfigurationPlatforms) = preSolution
		Debug|Any CPU = Debug|Any CPU
		Release|Any CPU = Release|Any CPU
	EndGlobalSection
	GlobalSection(ProjectConfigurationPlatforms) = postSolution
		{2B35C1FD-5E62-416E-B125-7577EF8BA1FB}.Debug|Any CPU.ActiveCfg = Debug|Any CPU
		{2B35C1FD-5E62-416E-B125-7577EF8BA1FB}.Debug|Any CPU.Build.0 = Debug|Any CPU
		{2B35C1FD-5E62-416E-B125-7577EF8BA1FB}.Release|Any CPU.ActiveCfg = Release|Any CPU
		{2B35C1FD-5E62-416E-B125-7577EF8BA1FB}.Release|Any CPU.Build.0 = Release|Any CPU
		{3D6550D9-47FE-4351-B8CF-293D48040F84}.Debug|Any CPU.ActiveCfg = Debug|Any CPU
		{3D6550D9-47FE-4351-B8CF-293D48040F84}.Debug|Any CPU.Build.0 = Debug|Any CPU
		{3D6550D9-47FE-4351-B8CF-293D48040F84}.Release|Any CPU.ActiveCfg = Release|Any CPU
		{3D6550D9-47FE-4351-B8CF-293D48040F84}.Release|Any CPU.Build.0 = Release|Any CPU
		{C4AE566F-CACC-4C82-9405-4E508BBFD787}.Debug|Any CPU.ActiveCfg = Debug|Any CPU
		{C4AE566F-CACC-4C82-9405-4E508BBFD787}.Debug|Any CPU.Build.0 = Debug|Any CPU
		{C4AE566F-CACC-4C82-9405-4E508BBFD787}.Release|Any CPU.ActiveCfg = Release|Any CPU
		{C4AE566F-CACC-4C82-9405-4E508BBFD787}.Release|Any CPU.Build.0 = Release|Any CPU
		{3AD6F9FA-39B0-4D86-9F87-0FE300FD6121}.Debug|Any CPU.ActiveCfg = Debug|Any CPU
		{3AD6F9FA-39B0-4D86-9F87-0FE300FD6121}.Debug|Any CPU.Build.0 = Debug|Any CPU
		{3AD6F9FA-39B0-4D86-9F87-0FE300FD6121}.Release|Any CPU.ActiveCfg = Release|Any CPU
		{3AD6F9FA-39B0-4D86-9F87-0FE300FD6121}.Release|Any CPU.Build.0 = Release|Any CPU
	EndGlobalSection
	GlobalSection(SolutionProperties) = preSolution
		HideSolutionNode = FALSE
	EndGlobalSection
EndGlobal
